{
  "name": "domain-list-community",
  "lockfileVersion": 3,
  "requires": true,
  "packages": {
    "": {
      "dependencies": {
        "async-iterable-split": "^3.0.1"
      }
    },
    "node_modules/async-iterable-split": {
      "version": "3.0.1",
      "resolved": "https://registry.npmjs.org/async-iterable-split/-/async-iterable-split-3.0.1.tgz",
      "integrity": "sha512-T5BeITje7tDv5XdeJWpLaIA9WEJX5oyBHtnqF1jwYJadsWKuhc2cgeA0nD8jByEBy/jlE51DWeWaKSlw7vktTw==",
      "engines": {
        "node": ">=10.0.0"
      }
    }
  }
}
